
Microsoft Visual Studio Solution File, Format Version 12.00
# Visual Studio Version 17
VisualStudioVersion = 17.5.33502.453
MinimumVisualStudioVersion = 10.0.40219.1
Project("{FAE04EC0-301F-11D3-BF4B-00C04F79EFBC}") = "Evalutation_Manager", "Evalutation_Manager\Evalutation_Manager.csproj", "{16B4C0AC-DD88-47C6-932C-29C759313F42}"
EndProject
Global
	GlobalSection(SolutionConfigurationPlatforms) = preSolution
		Debug|Any CPU = Debug|Any CPU
		Release|Any CPU = Release|Any CPU
	EndGlobalSection
	GlobalSection(ProjectConfigurationPlatforms) = postSolution
		{16B4C0AC-DD88-47C6-932C-29C759313F42}.Debug|Any CPU.ActiveCfg = Debug|Any CPU
		{16B4C0AC-DD88-47C6-932C-29C759313F42}.Debug|Any CPU.Build.0 = Debug|Any CPU
		{16B4C0AC-DD88-47C6-932C-29C759313F42}.Release|Any CPU.ActiveCfg = Release|Any CPU
		{16B4C0AC-DD88-47C6-932C-29C759313F42}.Release|Any CPU.Build.0 = Release|Any CPU
	EndGlobalSection
	GlobalSection(SolutionProperties) = preSolution
		HideSolutionNode = FALSE
	EndGlobalSection
	GlobalSection(ExtensibilityGlobals) = postSolution
		SolutionGuid = {86AFEB8A-88AF-4778-B9AC-3E04954855FF}
	EndGlobalSection
EndGlobal
